Microsoft Visual Studio Solution File, Format Version 12.00
# Visual Studio Version 17
VisualStudioVersion = 17.5.2.0
MinimumVisualStudioVersion = 10.0.40219.1
Project("{FAE04EC0-301F-11D3-BF4B-00C04F79EFBC}") = "cw5.1_webOcena", "cw5.1_webOcena.csproj", "{142997C4-3291-8874-721B-82E2A76D031C}"
EndProject
Global
	GlobalSection(SolutionConfigurationPlatforms) = preSolution
		Debug|Any CPU = Debug|Any CPU
		Release|Any CPU = Release|Any CPU
	EndGlobalSection
	GlobalSection(ProjectConfigurationPlatforms) = postSolution
		{142997C4-3291-8874-721B-82E2A76D031C}.Debug|Any CPU.ActiveCfg = Debug|Any CPU
		{142997C4-3291-8874-721B-82E2A76D031C}.Debug|Any CPU.Build.0 = Debug|Any CPU
		{142997C4-3291-8874-721B-82E2A76D031C}.Release|Any CPU.ActiveCfg = Release|Any CPU
		{142997C4-3291-8874-721B-82E2A76D031C}.Release|Any CPU.Build.0 = Release|Any CPU
	EndGlobalSection
	GlobalSection(SolutionProperties) = preSolution
		HideSolutionNode = FALSE
	EndGlobalSection
	GlobalSection(ExtensibilityGlobals) = postSolution
		SolutionGuid = {246AF981-7154-4027-9C2C-1EC01D72178A}
	EndGlobalSection
EndGlobal
